# generated by rye
# use `rye lock` or `rye sync` to update this lockfile
#
# last locked with the following flags:
#   pre: false
#   features: []
#   all-features: false
#   with-sources: false
#   generate-hashes: false

-e file:.
contourpy==1.2.1
    # via matplotlib
cycler==0.12.1
    # via matplotlib
fonttools==4.51.0
    # via matplotlib
kiwisolver==1.4.5
    # via matplotlib
matplotlib==3.9.0
    # via intercom-notifier
numpy==1.26.4
    # via contourpy
    # via intercom-notifier
    # via matplotlib
    # via scipy
packaging==24.0
    # via matplotlib
pillow==10.3.0
    # via matplotlib
pyaudio==0.2.14
    # via intercom-notifier
pydub==0.25.1
    # via intercom-notifier
pyparsing==3.1.2
    # via matplotlib
pyside6==6.7.1
    # via intercom-notifier
pyside6-addons==6.7.1
    # via pyside6
pyside6-essentials==6.7.1
    # via pyside6
    # via pyside6-addons
python-dateutil==2.9.0.post0
    # via matplotlib
scipy==1.13.0
    # via intercom-notifier
shiboken6==6.7.1
    # via pyside6
    # via pyside6-addons
    # via pyside6-essentials
six==1.16.0
    # via python-dateutil
